
Microsoft Visual Studio Solution File, Format Version 12.00
# Visual Studio Version 16
VisualStudioVersion = 16.0.28803.202
MinimumVisualStudioVersion = 10.0.40219.1
Project("{FAE04EC0-301F-11D3-BF4B-00C04F79EFBC}") = "DronePilotsNearMe.UI", "DronPilotsNearMe.UI\DronePilotsNearMe.UI.csproj", "{41FA8BF7-1F5F-43E0-8ADE-4344A90A7AB9}"
EndProject
Global
	GlobalSection(SolutionConfigurationPlatforms) = preSolution
		Debug|Any CPU = Debug|Any CPU
		Release|Any CPU = Release|Any CPU
	EndGlobalSection
	GlobalSection(ProjectConfigurationPlatforms) = postSolution
		{41FA8BF7-1F5F-43E0-8ADE-4344A90A7AB9}.Debug|Any CPU.ActiveCfg = Debug|Any CPU
		{41FA8BF7-1F5F-43E0-8ADE-4344A90A7AB9}.Debug|Any CPU.Build.0 = Debug|Any CPU
		{41FA8BF7-1F5F-43E0-8ADE-4344A90A7AB9}.Release|Any CPU.ActiveCfg = Release|Any CPU
		{41FA8BF7-1F5F-43E0-8ADE-4344A90A7AB9}.Release|Any CPU.Build.0 = Release|Any CPU
	EndGlobalSection
	GlobalSection(SolutionProperties) = preSolution
		HideSolutionNode = FALSE
	EndGlobalSection
	GlobalSection(ExtensibilityGlobals) = postSolution
		SolutionGuid = {8D3B2D0A-8141-44D7-9855-8358927F6B00}
	EndGlobalSection
EndGlobal
