
Microsoft Visual Studio Solution File, Format Version 12.00
# Visual Studio Version 16
VisualStudioVersion = 16.0.28803.202
MinimumVisualStudioVersion = 10.0.40219.1
Project("{FAE04EC0-301F-11D3-BF4B-00C04F79EFBC}") = "Serialization", "Serialization\Serialization.csproj", "{702F1F7B-E250-4C52-B84D-374750B4F648}"
EndProject
Global
	GlobalSection(SolutionConfigurationPlatforms) = preSolution
		Debug|Any CPU = Debug|Any CPU
		Release|Any CPU = Release|Any CPU
	EndGlobalSection
	GlobalSection(ProjectConfigurationPlatforms) = postSolution
		{702F1F7B-E250-4C52-B84D-374750B4F648}.Debug|Any CPU.ActiveCfg = Debug|Any CPU
		{702F1F7B-E250-4C52-B84D-374750B4F648}.Debug|Any CPU.Build.0 = Debug|Any CPU
		{702F1F7B-E250-4C52-B84D-374750B4F648}.Release|Any CPU.ActiveCfg = Release|Any CPU
		{702F1F7B-E250-4C52-B84D-374750B4F648}.Release|Any CPU.Build.0 = Release|Any CPU
	EndGlobalSection
	GlobalSection(SolutionProperties) = preSolution
		HideSolutionNode = FALSE
	EndGlobalSection
	GlobalSection(ExtensibilityGlobals) = postSolution
		SolutionGuid = {1530F6C3-337B-4189-A00A-4EEB6965F5E7}
	EndGlobalSection
EndGlobal
